
Microsoft Visual Studio Solution File, Format Version 12.00
# Visual Studio Version 16
VisualStudioVersion = 16.0.29728.190
MinimumVisualStudioVersion = 10.0.40219.1
Project("{9A19103F-16F7-4668-BE54-9A1E7A4F7556}") = "PizzaPlace", "PizzaPlace\PizzaPlace.csproj", "{A947B9FF-D295-4A11-8DEF-0C19D4F00A99}"
EndProject
Project("{FAE04EC0-301F-11D3-BF4B-00C04F79EFBC}") = "PizzaPlace.Data", "PizzaPlace.Data\PizzaPlace.Data.csproj", "{C5E6F2E2-187C-4905-8425-3B54DC50D17C}"
EndProject
Project("{FAE04EC0-301F-11D3-BF4B-00C04F79EFBC}") = "PizzaPlace.Repositories", "PizzaPlace.Repositories\PizzaPlace.Repositories.csproj", "{F1571889-923D-48F6-AA42-9403640E2EAA}"
EndProject
Project("{FAE04EC0-301F-11D3-BF4B-00C04F79EFBC}") = "PizzaPlace.Services", "PizzaPlace.Services\PizzaPlace.Services.csproj", "{A787340F-DA0D-4B77-A6EF-BF3F0EEBDEF2}"
EndProject
Global
	GlobalSection(SolutionConfigurationPlatforms) = preSolution
		Debug|Any CPU = Debug|Any CPU
		Release|Any CPU = Release|Any CPU
	EndGlobalSection
	GlobalSection(ProjectConfigurationPlatforms) = postSolution
		{A947B9FF-D295-4A11-8DEF-0C19D4F00A99}.Debug|Any CPU.ActiveCfg = Debug|Any CPU
		{A947B9FF-D295-4A11-8DEF-0C19D4F00A99}.Debug|Any CPU.Build.0 = Debug|Any CPU
		{A947B9FF-D295-4A11-8DEF-0C19D4F00A99}.Release|Any CPU.ActiveCfg = Release|Any CPU
		{A947B9FF-D295-4A11-8DEF-0C19D4F00A99}.Release|Any CPU.Build.0 = Release|Any CPU
		{C5E6F2E2-187C-4905-8425-3B54DC50D17C}.Debug|Any CPU.ActiveCfg = Debug|Any CPU
		{C5E6F2E2-187C-4905-8425-3B54DC50D17C}.Debug|Any CPU.Build.0 = Debug|Any CPU
		{C5E6F2E2-187C-4905-8425-3B54DC50D17C}.Release|Any CPU.ActiveCfg = Release|Any CPU
		{C5E6F2E2-187C-4905-8425-3B54DC50D17C}.Release|Any CPU.Build.0 = Release|Any CPU
		{F1571889-923D-48F6-AA42-9403640E2EAA}.Debug|Any CPU.ActiveCfg = Debug|Any CPU
		{F1571889-923D-48F6-AA42-9403640E2EAA}.Debug|Any CPU.Build.0 = Debug|Any CPU
		{F1571889-923D-48F6-AA42-9403640E2EAA}.Release|Any CPU.ActiveCfg = Release|Any CPU
		{F1571889-923D-48F6-AA42-9403640E2EAA}.Release|Any CPU.Build.0 = Release|Any CPU
		{A787340F-DA0D-4B77-A6EF-BF3F0EEBDEF2}.Debug|Any CPU.ActiveCfg = Debug|Any CPU
		{A787340F-DA0D-4B77-A6EF-BF3F0EEBDEF2}.Debug|Any CPU.Build.0 = Debug|Any CPU
		{A787340F-DA0D-4B77-A6EF-BF3F0EEBDEF2}.Release|Any CPU.ActiveCfg = Release|Any CPU
		{A787340F-DA0D-4B77-A6EF-BF3F0EEBDEF2}.Release|Any CPU.Build.0 = Release|Any CPU
	EndGlobalSection
	GlobalSection(SolutionProperties) = preSolution
		HideSolutionNode = FALSE
	EndGlobalSection
	GlobalSection(ExtensibilityGlobals) = postSolution
		SolutionGuid = {E8C70FD8-8B64-4298-B782-C16A4C626545}
	EndGlobalSection
EndGlobal
